
Microsoft Visual Studio Solution File, Format Version 12.00
# Visual Studio 15
VisualStudioVersion = 15.0.28307.329
MinimumVisualStudioVersion = 10.0.40219.1
Project("{FAE04EC0-301F-11D3-BF4B-00C04F79EFBC}") = "TutorialMySQL", "TutorialMySQL\TutorialMySQL.csproj", "{46B33322-7A84-40D0-8917-912CA58A6B6F}"
EndProject
Global
	GlobalSection(SolutionConfigurationPlatforms) = preSolution
		Debug|Any CPU = Debug|Any CPU
		Release|Any CPU = Release|Any CPU
	EndGlobalSection
	GlobalSection(ProjectConfigurationPlatforms) = postSolution
		{46B33322-7A84-40D0-8917-912CA58A6B6F}.Debug|Any CPU.ActiveCfg = Debug|Any CPU
		{46B33322-7A84-40D0-8917-912CA58A6B6F}.Debug|Any CPU.Build.0 = Debug|Any CPU
		{46B33322-7A84-40D0-8917-912CA58A6B6F}.Release|Any CPU.ActiveCfg = Release|Any CPU
		{46B33322-7A84-40D0-8917-912CA58A6B6F}.Release|Any CPU.Build.0 = Release|Any CPU
	EndGlobalSection
	GlobalSection(SolutionProperties) = preSolution
		HideSolutionNode = FALSE
	EndGlobalSection
	GlobalSection(ExtensibilityGlobals) = postSolution
		SolutionGuid = {4044321D-1B32-47C4-9920-F60C8A85F0FF}
	EndGlobalSection
EndGlobal
